
Microsoft Visual Studio Solution File, Format Version 12.00
# Visual Studio Version 17
VisualStudioVersion = 17.7.34024.191
MinimumVisualStudioVersion = 10.0.40219.1
Project("{9A19103F-16F7-4668-BE54-9A1E7A4F7556}") = "SharedModels", "SharedModels\SharedModels.csproj", "{1C91C895-D670-4A09-B5FE-0E7512355327}"
EndProject
Project("{9A19103F-16F7-4668-BE54-9A1E7A4F7556}") = "BrainBoxAPI", "BrainBoxAPI\BrainBoxAPI.csproj", "{43EA4B7F-AF61-4629-B5AC-135DB0C074F0}"
EndProject
Project("{9A19103F-16F7-4668-BE54-9A1E7A4F7556}") = "BrainBoxUI", "BrainBoxUI\BrainBoxUI.csproj", "{49419342-998A-4962-994E-AF618A3EE245}"
EndProject
Project("{9A19103F-16F7-4668-BE54-9A1E7A4F7556}") = "BrainBoxAPI.Tests", "BrainBoxAPI.Tests\BrainBoxAPI.Tests.csproj", "{C6FE582A-6C5B-47E8-AC34-397CC4EA3FD7}"
EndProject
Project("{9A19103F-16F7-4668-BE54-9A1E7A4F7556}") = "BrainBoxUI.Tests", "BrainBoxUI.Tests\BrainBoxUI.Tests.csproj", "{83736E27-7F27-4549-A74D-FA8C53AFB5BA}"
EndProject
Global
	GlobalSection(SolutionConfigurationPlatforms) = preSolution
		Debug|Any CPU = Debug|Any CPU
		Release|Any CPU = Release|Any CPU
	EndGlobalSection
	GlobalSection(ProjectConfigurationPlatforms) = postSolution
		{1C91C895-D670-4A09-B5FE-0E7512355327}.Debug|Any CPU.ActiveCfg = Debug|Any CPU
		{1C91C895-D670-4A09-B5FE-0E7512355327}.Debug|Any CPU.Build.0 = Debug|Any CPU
		{1C91C895-D670-4A09-B5FE-0E7512355327}.Release|Any CPU.ActiveCfg = Release|Any CPU
		{1C91C895-D670-4A09-B5FE-0E7512355327}.Release|Any CPU.Build.0 = Release|Any CPU
		{43EA4B7F-AF61-4629-B5AC-135DB0C074F0}.Debug|Any CPU.ActiveCfg = Debug|Any CPU
		{43EA4B7F-AF61-4629-B5AC-135DB0C074F0}.Debug|Any CPU.Build.0 = Debug|Any CPU
		{43EA4B7F-AF61-4629-B5AC-135DB0C074F0}.Release|Any CPU.ActiveCfg = Release|Any CPU
		{43EA4B7F-AF61-4629-B5AC-135DB0C074F0}.Release|Any CPU.Build.0 = Release|Any CPU
		{49419342-998A-4962-994E-AF618A3EE245}.Debug|Any CPU.ActiveCfg = Debug|Any CPU
		{49419342-998A-4962-994E-AF618A3EE245}.Debug|Any CPU.Build.0 = Debug|Any CPU
		{49419342-998A-4962-994E-AF618A3EE245}.Release|Any CPU.ActiveCfg = Release|Any CPU
		{49419342-998A-4962-994E-AF618A3EE245}.Release|Any CPU.Build.0 = Release|Any CPU
		{C6FE582A-6C5B-47E8-AC34-397CC4EA3FD7}.Debug|Any CPU.ActiveCfg = Debug|Any CPU
		{C6FE582A-6C5B-47E8-AC34-397CC4EA3FD7}.Debug|Any CPU.Build.0 = Debug|Any CPU
		{C6FE582A-6C5B-47E8-AC34-397CC4EA3FD7}.Release|Any CPU.ActiveCfg = Release|Any CPU
		{C6FE582A-6C5B-47E8-AC34-397CC4EA3FD7}.Release|Any CPU.Build.0 = Release|Any CPU
		{83736E27-7F27-4549-A74D-FA8C53AFB5BA}.Debug|Any CPU.ActiveCfg = Debug|Any CPU
		{83736E27-7F27-4549-A74D-FA8C53AFB5BA}.Debug|Any CPU.Build.0 = Debug|Any CPU
		{83736E27-7F27-4549-A74D-FA8C53AFB5BA}.Release|Any CPU.ActiveCfg = Release|Any CPU
		{83736E27-7F27-4549-A74D-FA8C53AFB5BA}.Release|Any CPU.Build.0 = Release|Any CPU
	EndGlobalSection
	GlobalSection(SolutionProperties) = preSolution
		HideSolutionNode = FALSE
	EndGlobalSection
	GlobalSection(ExtensibilityGlobals) = postSolution
		SolutionGuid = {50303E0B-FBD2-4FEB-B25F-9F2E0C15CC76}
	EndGlobalSection
EndGlobal
