
Microsoft Visual Studio Solution File, Format Version 12.00
# Visual Studio Version 17
VisualStudioVersion = 17.7.34024.191
MinimumVisualStudioVersion = 10.0.40219.1
Project("{9A19103F-16F7-4668-BE54-9A1E7A4F7556}") = "SharedModels", "SharedModels\SharedModels.csproj", "{1C91C895-D670-4A09-B5FE-0E7512355327}"
EndProject
Project("{9A19103F-16F7-4668-BE54-9A1E7A4F7556}") = "BrainBoxAPI.Tests", "BrainBoxAPI.Tests\BrainBoxAPI.Tests.csproj", "{EC49E0F2-171E-4546-B72D-FBAED4FEEC5C}"
EndProject
Project("{9A19103F-16F7-4668-BE54-9A1E7A4F7556}") = "BrainBoxAPI", "BrainBoxAPI\BrainBoxAPI.csproj", "{0110CCA5-0C86-408E-B176-48FADB9431A2}"
EndProject
Project("{9A19103F-16F7-4668-BE54-9A1E7A4F7556}") = "BrainBoxUI", "BrainBoxUI\BrainBoxUI.csproj", "{369F7A3E-0816-425A-9635-9BA1F91200FF}"
EndProject
Global
	GlobalSection(SolutionConfigurationPlatforms) = preSolution
		Debug|Any CPU = Debug|Any CPU
		Release|Any CPU = Release|Any CPU
	EndGlobalSection
	GlobalSection(ProjectConfigurationPlatforms) = postSolution
		{1C91C895-D670-4A09-B5FE-0E7512355327}.Debug|Any CPU.ActiveCfg = Debug|Any CPU
		{1C91C895-D670-4A09-B5FE-0E7512355327}.Debug|Any CPU.Build.0 = Debug|Any CPU
		{1C91C895-D670-4A09-B5FE-0E7512355327}.Release|Any CPU.ActiveCfg = Release|Any CPU
		{1C91C895-D670-4A09-B5FE-0E7512355327}.Release|Any CPU.Build.0 = Release|Any CPU
		{EC49E0F2-171E-4546-B72D-FBAED4FEEC5C}.Debug|Any CPU.ActiveCfg = Debug|Any CPU
		{EC49E0F2-171E-4546-B72D-FBAED4FEEC5C}.Debug|Any CPU.Build.0 = Debug|Any CPU
		{EC49E0F2-171E-4546-B72D-FBAED4FEEC5C}.Release|Any CPU.ActiveCfg = Release|Any CPU
		{EC49E0F2-171E-4546-B72D-FBAED4FEEC5C}.Release|Any CPU.Build.0 = Release|Any CPU
		{0110CCA5-0C86-408E-B176-48FADB9431A2}.Debug|Any CPU.ActiveCfg = Debug|Any CPU
		{0110CCA5-0C86-408E-B176-48FADB9431A2}.Debug|Any CPU.Build.0 = Debug|Any CPU
		{0110CCA5-0C86-408E-B176-48FADB9431A2}.Release|Any CPU.ActiveCfg = Release|Any CPU
		{0110CCA5-0C86-408E-B176-48FADB9431A2}.Release|Any CPU.Build.0 = Release|Any CPU
		{369F7A3E-0816-425A-9635-9BA1F91200FF}.Debug|Any CPU.ActiveCfg = Debug|Any CPU
		{369F7A3E-0816-425A-9635-9BA1F91200FF}.Debug|Any CPU.Build.0 = Debug|Any CPU
		{369F7A3E-0816-425A-9635-9BA1F91200FF}.Release|Any CPU.ActiveCfg = Release|Any CPU
		{369F7A3E-0816-425A-9635-9BA1F91200FF}.Release|Any CPU.Build.0 = Release|Any CPU
	EndGlobalSection
	GlobalSection(SolutionProperties) = preSolution
		HideSolutionNode = FALSE
	EndGlobalSection
	GlobalSection(ExtensibilityGlobals) = postSolution
		SolutionGuid = {50303E0B-FBD2-4FEB-B25F-9F2E0C15CC76}
	EndGlobalSection
EndGlobal
